
Microsoft Visual Studio Solution File, Format Version 12.00
# Visual Studio 14
VisualStudioVersion = 14.0.25420.1
MinimumVisualStudioVersion = 10.0.40219.1
Project("{FAE04EC0-301F-11D3-BF4B-00C04F79EFBC}") = "MyClassLibrary", "MyClassLibrary\MyClassLibrary.csproj", "{B0F6F1C1-DD4A-4DA0-845E-EB39A9A7710E}"
EndProject
Project("{FAE04EC0-301F-11D3-BF4B-00C04F79EFBC}") = "ConsoleForLibrary", "ConsoleForLibrary\ConsoleForLibrary.csproj", "{72E3D8A4-D3DA-4ABA-BF00-A2AA9D0F0FEA}"
EndProject
Global
	GlobalSection(SolutionConfigurationPlatforms) = preSolution
		Debug|Any CPU = Debug|Any CPU
		Release|Any CPU = Release|Any CPU
	EndGlobalSection
	GlobalSection(ProjectConfigurationPlatforms) = postSolution
		{B0F6F1C1-DD4A-4DA0-845E-EB39A9A7710E}.Debug|Any CPU.ActiveCfg = Debug|Any CPU
		{B0F6F1C1-DD4A-4DA0-845E-EB39A9A7710E}.Debug|Any CPU.Build.0 = Debug|Any CPU
		{B0F6F1C1-DD4A-4DA0-845E-EB39A9A7710E}.Release|Any CPU.ActiveCfg = Release|Any CPU
		{B0F6F1C1-DD4A-4DA0-845E-EB39A9A7710E}.Release|Any CPU.Build.0 = Release|Any CPU
		{72E3D8A4-D3DA-4ABA-BF00-A2AA9D0F0FEA}.Debug|Any CPU.ActiveCfg = Debug|Any CPU
		{72E3D8A4-D3DA-4ABA-BF00-A2AA9D0F0FEA}.Debug|Any CPU.Build.0 = Debug|Any CPU
		{72E3D8A4-D3DA-4ABA-BF00-A2AA9D0F0FEA}.Release|Any CPU.ActiveCfg = Release|Any CPU
		{72E3D8A4-D3DA-4ABA-BF00-A2AA9D0F0FEA}.Release|Any CPU.Build.0 = Release|Any CPU
	EndGlobalSection
	GlobalSection(SolutionProperties) = preSolution
		HideSolutionNode = FALSE
	EndGlobalSection
EndGlobal
